# This file is automatically @generated by Poetry 2.3.0 and should not be changed by hand.

[[package]]
name = "holidays"
version = "0.90"
description = "Open World Holidays Framework"
optional = true
python-versions = ">=3.10"
groups = ["main"]
markers = "extra == \"holidays\""
files = [
    {file = "holidays-0.90-py3-none-any.whl", hash = "sha256:8ed92ea72e2db5ef00f024c37b03641085699809f42fe5ba03b040be6740f72d"},
    {file = "holidays-0.90.tar.gz", hash = "sha256:1fb6a973d9c8834a9b6644fcf369b0663373daa0d06bce5ae37d494e702dfb3f"},
]

[package.dependencies]
python-dateutil = ">=2.9.0.post0,<3"

[[package]]
name = "python-dateutil"
version = "2.9.0.post0"
description = "Extensions to the standard Python datetime module"
optional = true
python-versions = "!=3.0.*,!=3.1.*,!=3.2.*,>=2.7"
groups = ["main"]
markers = "extra == \"holidays\""
files = [
    {file = "python-dateutil-2.9.0.post0.tar.gz", hash = "sha256:37dd54208da7e1cd875388217d5e00ebd4179249f90fb72437e91a35459a0ad3"},
    {file = "python_dateutil-2.9.0.post0-py2.py3-none-any.whl", hash = "sha256:a8b2bc7bffae282281c8140a97d3aa9c14da0b136dfe83f850eea9a5f7470427"},
]

[package.dependencies]
six = ">=1.5"

[[package]]
name = "six"
version = "1.17.0"
description = "Python 2 and 3 compatibility utilities"
optional = true
python-versions = "!=3.0.*,!=3.1.*,!=3.2.*,>=2.7"
groups = ["main"]
markers = "extra == \"holidays\""
files = [
    {file = "six-1.17.0-py2.py3-none-any.whl", hash = "sha256:4721f391ed90541fddacab5acf947aa0d3dc7d27b2e1e8eda2be8970586c3274"},
    {file = "six-1.17.0.tar.gz", hash = "sha256:ff70335d468e7eb6ec65b95b99d3a2836546063f63acc5171de367e834932a81"},
]

[extras]
holidays = ["holidays"]

[metadata]
lock-version = "2.1"
python-versions = ">=3.10,<4.0"
content-hash = "bdf982e817e4b2ce77c088bf84f45809662bbd4c78a38f85cede4f5e8eddf8ca"
